
Microsoft Visual Studio Solution File, Format Version 12.00
# Visual Studio Version 17
VisualStudioVersion = 17.4.33403.182
MinimumVisualStudioVersion = 10.0.40219.1
Project("{FAE04EC0-301F-11D3-BF4B-00C04F79EFBC}") = "WinFormsTest_SPR221", "WinFormsTest_SPR221\WinFormsTest_SPR221.csproj", "{48DF0B52-252B-4E6B-AC21-C7A8C13EBD2E}"
EndProject
Global
	GlobalSection(SolutionConfigurationPlatforms) = preSolution
		Debug|Any CPU = Debug|Any CPU
		Release|Any CPU = Release|Any CPU
	EndGlobalSection
	GlobalSection(ProjectConfigurationPlatforms) = postSolution
		{48DF0B52-252B-4E6B-AC21-C7A8C13EBD2E}.Debug|Any CPU.ActiveCfg = Debug|Any CPU
		{48DF0B52-252B-4E6B-AC21-C7A8C13EBD2E}.Debug|Any CPU.Build.0 = Debug|Any CPU
		{48DF0B52-252B-4E6B-AC21-C7A8C13EBD2E}.Release|Any CPU.ActiveCfg = Release|Any CPU
		{48DF0B52-252B-4E6B-AC21-C7A8C13EBD2E}.Release|Any CPU.Build.0 = Release|Any CPU
	EndGlobalSection
	GlobalSection(SolutionProperties) = preSolution
		HideSolutionNode = FALSE
	EndGlobalSection
	GlobalSection(ExtensibilityGlobals) = postSolution
		SolutionGuid = {E9A5ABC8-F22A-4A75-9212-D2F0A99AC150}
	EndGlobalSection
EndGlobal
